[[package]]
category = "dev"
description = "A tool that automatically formats Python code to conform to the PEP 8 style guide"
name = "autopep8"
optional = false
python-versions = "*"
version = "1.5.7"

[package.dependencies]
pycodestyle = ">=2.7.0"
toml = "*"

[[package]]
category = "main"
description = "MySQL driver written in Python"
name = "mysql-connector-python"
optional = false
python-versions = "*"
version = "8.0.25"

[package.dependencies]
protobuf = ">=3.0.0"

[package.extras]
compression = ["lz4 (>=2.1.6)", "zstandard (>=0.12.0)"]
dns-srv = ["dnspython (>=1.16.0)"]
gssapi = ["gssapi (>=1.6.9)"]

[[package]]
category = "main"
description = "Protocol Buffers"
name = "protobuf"
optional = false
python-versions = "*"
version = "3.17.0"

[package.dependencies]
six = ">=1.9"

[[package]]
category = "dev"
description = "Python style guide checker"
name = "pycodestyle"
optional = false
python-versions = ">=2.7, !=3.0.*, !=3.1.*, !=3.2.*, !=3.3.*"
version = "2.7.0"

[[package]]
category = "main"
description = "Python 2 and 3 compatibility utilities"
name = "six"
optional = false
python-versions = ">=2.7, !=3.0.*, !=3.1.*, !=3.2.*"
version = "1.16.0"

[[package]]
category = "dev"
description = "Python Library for Tom's Obvious, Minimal Language"
name = "toml"
optional = false
python-versions = ">=2.6, !=3.0.*, !=3.1.*, !=3.2.*"
version = "0.10.2"

[metadata]
content-hash = "370f8e4ee9a877f1ae9f792db99857d6ac24cc594f12bc2d28fcb1880b767589"
lock-version = "1.1"
python-versions = "^3.9"

[metadata.files]
autopep8 = [
    {file = "autopep8-1.5.7-py2.py3-none-any.whl", hash = "sha256:aa213493c30dcdac99537249ee65b24af0b2c29f2e83cd8b3f68760441ed0db9"},
    {file = "autopep8-1.5.7.tar.gz", hash = "sha256:276ced7e9e3cb22e5d7c14748384a5cf5d9002257c0ed50c0e075b68011bb6d0"},
]
mysql-connector-python = [
    {file = "mysql-connector-python-8.0.25.tar.gz", hash = "sha256:9e4ae0dde777d81dfc18e9eef6a1df20ea17753b2497c326af2e2f784e13a168"},
    {file = "mysql_connector_python-8.0.25-cp36-cp36m-manylinux1_i686.whl", hash = "sha256:ff2def9d07cd100e0afc0180b4a133cdc9b1c94646575b0112bf1993299e794a"},
    {file = "mysql_connector_python-8.0.25-cp36-cp36m-manylinux1_x86_64.whl", hash = "sha256:c8b79dab3aa9227146475b32fa0df1161fc4a0b515c7c0a6993f103f0a565016"},
    {file = "mysql_connector_python-8.0.25-cp36-cp36m-win_amd64.whl", hash = "sha256:9fb7a4c1ef343526ea03313988966ca736131ec0bc1f0eb725ac16067628ca50"},
    {file = "mysql_connector_python-8.0.25-cp37-cp37m-macosx_11_0_x86_64.whl", hash = "sha256:2a2b7054325bd82feeb1fb5b06592eac106ecb5b075b9966841cf96c7f0d57ae"},
    {file = "mysql_connector_python-8.0.25-cp37-cp37m-manylinux1_i686.whl", hash = "sha256:948fd1050e81b5e5363305618ec1221f186f9c23bb0a412cdbddd481d3ca1698"},
    {file = "mysql_connector_python-8.0.25-cp37-cp37m-manylinux1_x86_64.whl", hash = "sha256:81429eda2a130c584397bae235595cce950f7bf99ad915095b5b69d4e17da96d"},
    {file = "mysql_connector_python-8.0.25-cp37-cp37m-win_amd64.whl", hash = "sha256:2cd56d31ecaebfc3ea2321c343ff4c1b0213c6ca3642458374d2d266cf2ad159"},
    {file = "mysql_connector_python-8.0.25-cp38-cp38-macosx_11_0_x86_64.whl", hash = "sha256:bdc0570be0042d8c616f9afb2c1372cfc5e4aad6563b927ebd3b92e87b3b079a"},
    {file = "mysql_connector_python-8.0.25-cp38-cp38-manylinux1_i686.whl", hash = "sha256:fb9550e89524a5fb51e5400c8dc248575c3b78ab522c84c1881ab3faa394af00"},
    {file = "mysql_connector_python-8.0.25-cp38-cp38-manylinux1_x86_64.whl", hash = "sha256:61d271730ee86372f6ce2c35e1f88a71a31d2a759125ca9ffe20b2e4c5c2519f"},
    {file = "mysql_connector_python-8.0.25-cp38-cp38-win_amd64.whl", hash = "sha256:756832909f1d9e98da71ca0d142f0560ec87e2eb6ecc89424b5f0114dac95420"},
    {file = "mysql_connector_python-8.0.25-cp39-cp39-macosx_11_0_x86_64.whl", hash = "sha256:b277849d0da1267d21b2169db1fdd5b9dcba97d27a8d9fba638a24a44a02c755"},
    {file = "mysql_connector_python-8.0.25-cp39-cp39-manylinux1_i686.whl", hash = "sha256:4338f86fc1ad12956d80c8bc4270dcefd0d07f21b2fe9d45c3840c59057c0122"},
    {file = "mysql_connector_python-8.0.25-cp39-cp39-manylinux1_x86_64.whl", hash = "sha256:0f0e47e51f52e8e0ed30dd8f34fb3c11f649922b6bc18cac0f241e84d58bcd57"},
    {file = "mysql_connector_python-8.0.25-cp39-cp39-win_amd64.whl", hash = "sha256:114aa861028bc3d4718fe870b0aa3a837fc60fc5eea875c51eb317f9b966c71d"},
    {file = "mysql_connector_python-8.0.25-py2.py3-none-any.whl", hash = "sha256:fd3fb83680ede91b7a7d3da4afd7e88adea5d79ba98dfec1fc4158edef7b9c01"},
]
protobuf = [
    {file = "protobuf-3.17.0-cp27-cp27m-macosx_10_9_x86_64.whl", hash = "sha256:15351df904347da2081a2eebc42b192c29724eb57dbe56dae440be843f1e4779"},
    {file = "protobuf-3.17.0-cp27-cp27mu-manylinux_2_5_x86_64.manylinux1_x86_64.whl", hash = "sha256:5356981c1919782b8c2e3ea5c5d85ad5937b8178a025ac9edc2f2ca5b4a717ae"},
    {file = "protobuf-3.17.0-cp35-cp35m-macosx_10_9_intel.whl", hash = "sha256:eac0a2a7ea99e17175f6e7b53cdc9004ed786c072fbdf933def0e454e14fd323"},
    {file = "protobuf-3.17.0-cp35-cp35m-manylinux_2_5_x86_64.manylinux1_x86_64.whl", hash = "sha256:4c8d0997fdc0a4cf9de7950d598ce6974b22e8618bbcf1d15e9842010cf8420a"},
    {file = "protobuf-3.17.0-cp35-cp35m-win32.whl", hash = "sha256:9ae321459d4890c3939c536382f75e232c9e91ce506310353c8a15ad5c379e0d"},
    {file = "protobuf-3.17.0-cp35-cp35m-win_amd64.whl", hash = "sha256:295944ef0772498d7bf75f6aa5d4dfcfd02f5ce70f735b406e52e43ac3914d38"},
    {file = "protobuf-3.17.0-cp36-cp36m-macosx_10_9_x86_64.whl", hash = "sha256:850f429bd2399525d339d05bc809f090f16d3d88737bed637d355a5ee8d3b81a"},
    {file = "protobuf-3.17.0-cp36-cp36m-manylinux_2_5_x86_64.manylinux1_x86_64.whl", hash = "sha256:809a96d5a1a74538728710f9104f43ae77f5e48bde274ee321b10a324ba52e4f"},
    {file = "protobuf-3.17.0-cp36-cp36m-win32.whl", hash = "sha256:8a3ac375539055164f31a330770f137875307e6f04c21e2647f2e7139c501295"},
    {file = "protobuf-3.17.0-cp36-cp36m-win_amd64.whl", hash = "sha256:3d338910b10b88b18581cf6877b3938b2e262e8fdc2c1057f5a291787de63183"},
    {file = "protobuf-3.17.0-cp37-cp37m-macosx_10_9_x86_64.whl", hash = "sha256:1488f786bd1912f97796cf5def8cacf433735616896cf7ed9dc786cee693dfc8"},
    {file = "protobuf-3.17.0-cp37-cp37m-manylinux2014_aarch64.whl", hash = "sha256:bcaff977db178f0bfde10bab0d23a5f5adf5964adba70c315e45922a1c55eb90"},
    {file = "protobuf-3.17.0-cp37-cp37m-manylinux_2_5_x86_64.manylinux1_x86_64.whl", hash = "sha256:939ce06846ddfec99c0bff510510b3ee45778e7a3aec6544d1f36526e5fecb67"},
    {file = "protobuf-3.17.0-cp37-cp37m-win32.whl", hash = "sha256:3237acce5b666c7b0f45785cc2d0809796d4df3593bd68338aebf25408139188"},
    {file = "protobuf-3.17.0-cp37-cp37m-win_amd64.whl", hash = "sha256:2f77afe33bb86c7d34221a86193256d69aa10818620fe4a7513d98211d67d672"},
    {file = "protobuf-3.17.0-cp38-cp38-macosx_10_9_x86_64.whl", hash = "sha256:acc9f2091ace3de429eee424ab7ba0bc52a6aa9ffc9909e5c4de259a3f71db46"},
    {file = "protobuf-3.17.0-cp38-cp38-manylinux2014_aarch64.whl", hash = "sha256:a29631f4f8bcf79b12a59e83d238d888de5034871461d788c74c68218ad75049"},
    {file = "protobuf-3.17.0-cp38-cp38-manylinux_2_5_x86_64.manylinux1_x86_64.whl", hash = "sha256:05c304396e309661c45e3a97bd2d8da1fc2bab743ed2ca880bcb757271c40c0e"},
    {file = "protobuf-3.17.0-cp39-cp39-macosx_10_9_x86_64.whl", hash = "sha256:baea44967071e6a51e705e4e88aebf35f530a14004cc69f60a185e5d7e13de7e"},
    {file = "protobuf-3.17.0-cp39-cp39-manylinux2014_aarch64.whl", hash = "sha256:3b5c461af5a3cebd796c73370db929b7e24cbaba655eefdc044226bc8a843d6b"},
    {file = "protobuf-3.17.0-cp39-cp39-manylinux_2_5_x86_64.manylinux1_x86_64.whl", hash = "sha256:44399393c3a8cc04a4cfbdc721dd7f2114497efda582e946a91b8c4290ae5ff5"},
    {file = "protobuf-3.17.0-py2.py3-none-any.whl", hash = "sha256:e32ef0c9f4b548c80d94dfff8b4130ca2ff3d50caaf2455889e3f5b8a01e8038"},
    {file = "protobuf-3.17.0.tar.gz", hash = "sha256:05dfe9319939a8473c21b469f34f6486646e54fb8542637cf7ed8e2fbfe21538"},
]
pycodestyle = [
    {file = "pycodestyle-2.7.0-py2.py3-none-any.whl", hash = "sha256:514f76d918fcc0b55c6680472f0a37970994e07bbb80725808c17089be302068"},
    {file = "pycodestyle-2.7.0.tar.gz", hash = "sha256:c389c1d06bf7904078ca03399a4816f974a1d590090fecea0c63ec26ebaf1cef"},
]
six = [
    {file = "six-1.16.0-py2.py3-none-any.whl", hash = "sha256:8abb2f1d86890a2dfb989f9a77cfcfd3e47c2a354b01111771326f8aa26e0254"},
    {file = "six-1.16.0.tar.gz", hash = "sha256:1e61c37477a1626458e36f7b1d82aa5c9b094fa4802892072e49de9c60c4c926"},
]
toml = [
    {file = "toml-0.10.2-py2.py3-none-any.whl", hash = "sha256:806143ae5bfb6a3c6e736a764057db0e6a0e05e338b5630894a5f779cabb4f9b"},
    {file = "toml-0.10.2.tar.gz", hash = "sha256:b3bda1d108d5dd99f4a20d24d9c348e91c4db7ab1b749200bded2f839ccbe68f"},
]
